
Microsoft Visual Studio Solution File, Format Version 12.00
# Visual Studio 15
VisualStudioVersion = 15.0.27130.2027
MinimumVisualStudioVersion = 10.0.40219.1
Project("{FAE04EC0-301F-11D3-BF4B-00C04F79EFBC}") = "Volleyball.Client", "Volleyball.Client\Volleyball.Client.csproj", "{8F667259-EB73-49FF-A08F-D8F55F95B2BB}"
EndProject
Global
	GlobalSection(SolutionConfigurationPlatforms) = preSolution
		Debug|Any CPU = Debug|Any CPU
		Release|Any CPU = Release|Any CPU
	EndGlobalSection
	GlobalSection(ProjectConfigurationPlatforms) = postSolution
		{8F667259-EB73-49FF-A08F-D8F55F95B2BB}.Debug|Any CPU.ActiveCfg = Debug|Any CPU
		{8F667259-EB73-49FF-A08F-D8F55F95B2BB}.Debug|Any CPU.Build.0 = Debug|Any CPU
		{8F667259-EB73-49FF-A08F-D8F55F95B2BB}.Release|Any CPU.ActiveCfg = Release|Any CPU
		{8F667259-EB73-49FF-A08F-D8F55F95B2BB}.Release|Any CPU.Build.0 = Release|Any CPU
	EndGlobalSection
	GlobalSection(SolutionProperties) = preSolution
		HideSolutionNode = FALSE
	EndGlobalSection
	GlobalSection(ExtensibilityGlobals) = postSolution
		SolutionGuid = {481CFD99-EC6F-44DE-94EB-A2EDB68F178E}
	EndGlobalSection
EndGlobal
